
Microsoft Visual Studio Solution File, Format Version 12.00
# Visual Studio Version 16
VisualStudioVersion = 16.0.29609.76
MinimumVisualStudioVersion = 10.0.40219.1
Project("{8BC9CEB8-8B4A-11D0-8D11-00A0C91BC942}") = "snake", "snake\snake.vcxproj", "{B1153FC4-E785-48FB-B88F-6F199F486EE7}"
EndProject
Global
	GlobalSection(SolutionConfigurationPlatforms) = preSolution
		Debug|x64 = Debug|x64
		Debug|x86 = Debug|x86
		Release|x64 = Release|x64
		Release|x86 = Release|x86
	EndGlobalSection
	GlobalSection(ProjectConfigurationPlatforms) = postSolution
		{B1153FC4-E785-48FB-B88F-6F199F486EE7}.Debug|x64.ActiveCfg = Debug|x64
		{B1153FC4-E785-48FB-B88F-6F199F486EE7}.Debug|x64.Build.0 = Debug|x64
		{B1153FC4-E785-48FB-B88F-6F199F486EE7}.Debug|x86.ActiveCfg = Debug|Win32
		{B1153FC4-E785-48FB-B88F-6F199F486EE7}.Debug|x86.Build.0 = Debug|Win32
		{B1153FC4-E785-48FB-B88F-6F199F486EE7}.Release|x64.ActiveCfg = Release|x64
		{B1153FC4-E785-48FB-B88F-6F199F486EE7}.Release|x64.Build.0 = Release|x64
		{B1153FC4-E785-48FB-B88F-6F199F486EE7}.Release|x86.ActiveCfg = Release|Win32
		{B1153FC4-E785-48FB-B88F-6F199F486EE7}.Release|x86.Build.0 = Release|Win32
	EndGlobalSection
	GlobalSection(SolutionProperties) = preSolution
		HideSolutionNode = FALSE
	EndGlobalSection
	GlobalSection(ExtensibilityGlobals) = postSolution
		SolutionGuid = {8B6F563E-3D03-4E23-82CA-DA84FD405171}
	EndGlobalSection
EndGlobal
